
Microsoft Visual Studio Solution File, Format Version 12.00
# Visual Studio Version 17
VisualStudioVersion = 17.3.32825.248
MinimumVisualStudioVersion = 10.0.40219.1
Project("{9A19103F-16F7-4668-BE54-9A1E7A4F7556}") = "UFO2", "UFO2\UFO2.csproj", "{0136109E-11AF-4223-AD43-DA12A6164120}"
EndProject
Project("{FAE04EC0-301F-11D3-BF4B-00C04F79EFBC}") = "Ufotest", "Ufotest\Ufotest.csproj", "{957DAC66-6963-46E5-90A8-FA5A72E19A32}"
EndProject
Global
	GlobalSection(SolutionConfigurationPlatforms) = preSolution
		Debug|Any CPU = Debug|Any CPU
		Release|Any CPU = Release|Any CPU
	EndGlobalSection
	GlobalSection(ProjectConfigurationPlatforms) = postSolution
		{0136109E-11AF-4223-AD43-DA12A6164120}.Debug|Any CPU.ActiveCfg = Debug|Any CPU
		{0136109E-11AF-4223-AD43-DA12A6164120}.Debug|Any CPU.Build.0 = Debug|Any CPU
		{0136109E-11AF-4223-AD43-DA12A6164120}.Release|Any CPU.ActiveCfg = Release|Any CPU
		{0136109E-11AF-4223-AD43-DA12A6164120}.Release|Any CPU.Build.0 = Release|Any CPU
		{957DAC66-6963-46E5-90A8-FA5A72E19A32}.Debug|Any CPU.ActiveCfg = Debug|Any CPU
		{957DAC66-6963-46E5-90A8-FA5A72E19A32}.Debug|Any CPU.Build.0 = Debug|Any CPU
		{957DAC66-6963-46E5-90A8-FA5A72E19A32}.Release|Any CPU.ActiveCfg = Release|Any CPU
		{957DAC66-6963-46E5-90A8-FA5A72E19A32}.Release|Any CPU.Build.0 = Release|Any CPU
	EndGlobalSection
	GlobalSection(SolutionProperties) = preSolution
		HideSolutionNode = FALSE
	EndGlobalSection
	GlobalSection(ExtensibilityGlobals) = postSolution
		SolutionGuid = {E631B70D-449E-49F7-A952-C650EFDFDF33}
	EndGlobalSection
EndGlobal
